
Microsoft Visual Studio Solution File, Format Version 12.00
# Visual Studio Version 17
VisualStudioVersion = 17.5.33627.172
MinimumVisualStudioVersion = 10.0.40219.1
Project("{FAE04EC0-301F-11D3-BF4B-00C04F79EFBC}") = "ConsoleApp3", "ConsoleApp3\ConsoleApp3.csproj", "{50866F34-D3D8-474A-A820-64AE046FF056}"
EndProject
Global
	GlobalSection(SolutionConfigurationPlatforms) = preSolution
		Debug|Any CPU = Debug|Any CPU
		Release|Any CPU = Release|Any CPU
	EndGlobalSection
	GlobalSection(ProjectConfigurationPlatforms) = postSolution
		{50866F34-D3D8-474A-A820-64AE046FF056}.Debug|Any CPU.ActiveCfg = Debug|Any CPU
		{50866F34-D3D8-474A-A820-64AE046FF056}.Debug|Any CPU.Build.0 = Debug|Any CPU
		{50866F34-D3D8-474A-A820-64AE046FF056}.Release|Any CPU.ActiveCfg = Release|Any CPU
		{50866F34-D3D8-474A-A820-64AE046FF056}.Release|Any CPU.Build.0 = Release|Any CPU
	EndGlobalSection
	GlobalSection(SolutionProperties) = preSolution
		HideSolutionNode = FALSE
	EndGlobalSection
	GlobalSection(ExtensibilityGlobals) = postSolution
		SolutionGuid = {408A9ECA-4E70-4672-B44D-43487A9DE545}
	EndGlobalSection
EndGlobal
